
Microsoft Visual Studio Solution File, Format Version 12.00
# Visual Studio Version 17
VisualStudioVersion = 17.11.35208.52
MinimumVisualStudioVersion = 10.0.40219.1
Project("{FAE04EC0-301F-11D3-BF4B-00C04F79EFBC}") = "HelloWorld", "HelloWorld\HelloWorld.csproj", "{6A059F94-A2E7-40EC-B5D3-CC4F98BA65B3}"
EndProject
Global
	GlobalSection(SolutionConfigurationPlatforms) = preSolution
		Debug|Any CPU = Debug|Any CPU
		Release|Any CPU = Release|Any CPU
	EndGlobalSection
	GlobalSection(ProjectConfigurationPlatforms) = postSolution
		{6A059F94-A2E7-40EC-B5D3-CC4F98BA65B3}.Debug|Any CPU.ActiveCfg = Debug|Any CPU
		{6A059F94-A2E7-40EC-B5D3-CC4F98BA65B3}.Debug|Any CPU.Build.0 = Debug|Any CPU
		{6A059F94-A2E7-40EC-B5D3-CC4F98BA65B3}.Release|Any CPU.ActiveCfg = Release|Any CPU
		{6A059F94-A2E7-40EC-B5D3-CC4F98BA65B3}.Release|Any CPU.Build.0 = Release|Any CPU
	EndGlobalSection
	GlobalSection(SolutionProperties) = preSolution
		HideSolutionNode = FALSE
	EndGlobalSection
	GlobalSection(ExtensibilityGlobals) = postSolution
		SolutionGuid = {020B4D14-BFA9-40CD-B72B-D1CD6E3D6E9B}
	EndGlobalSection
EndGlobal
